
Microsoft Visual Studio Solution File, Format Version 12.00
# Visual Studio Version 17
VisualStudioVersion = 17.5.33516.290
MinimumVisualStudioVersion = 10.0.40219.1
Project("{FAE04EC0-301F-11D3-BF4B-00C04F79EFBC}") = "Loyalty.Tenant.API", "Loyalty.Tenant.API\Loyalty.Tenant.API.csproj", "{7F3F83C8-836F-4206-ACA8-F502B1C2DFF0}"
EndProject
Global
	GlobalSection(SolutionConfigurationPlatforms) = preSolution
		Debug|Any CPU = Debug|Any CPU
		Release|Any CPU = Release|Any CPU
	EndGlobalSection
	GlobalSection(ProjectConfigurationPlatforms) = postSolution
		{7F3F83C8-836F-4206-ACA8-F502B1C2DFF0}.Debug|Any CPU.ActiveCfg = Debug|Any CPU
		{7F3F83C8-836F-4206-ACA8-F502B1C2DFF0}.Debug|Any CPU.Build.0 = Debug|Any CPU
		{7F3F83C8-836F-4206-ACA8-F502B1C2DFF0}.Release|Any CPU.ActiveCfg = Release|Any CPU
		{7F3F83C8-836F-4206-ACA8-F502B1C2DFF0}.Release|Any CPU.Build.0 = Release|Any CPU
	EndGlobalSection
	GlobalSection(SolutionProperties) = preSolution
		HideSolutionNode = FALSE
	EndGlobalSection
	GlobalSection(ExtensibilityGlobals) = postSolution
		SolutionGuid = {8C46A45C-8534-4C95-A72E-BC6206AA213C}
	EndGlobalSection
EndGlobal
